Microsoft Visual Studio Solution File, Format Version 12.00
Project("{FAE04EC0-301F-11D3-BF4B-00C04F79EFBC}") = "Utility", "src\Utility\Utility.csproj", "{5B0477B7-EDF0-4D64-AFEF-BC3A1B8164CC}"
EndProject
Project("{FAE04EC0-301F-11D3-BF4B-00C04F79EFBC}") = "Lexer", "src\Lexer\Lexer.csproj", "{F50CA001-34BC-4D09-A502-16595E9FE998}"
EndProject
Project("{FAE04EC0-301F-11D3-BF4B-00C04F79EFBC}") = "Parser", "src\Parser\Parser.csproj", "{660DEE80-AF17-409F-8C37-95621D45953F}"
EndProject
Project("{FAE04EC0-301F-11D3-BF4B-00C04F79EFBC}") = "Builder", "src\Builder\Builder.csproj", "{C7DEE7B2-57A3-4610-A7D3-58872A312580}"
EndProject
Project("{FAE04EC0-301F-11D3-BF4B-00C04F79EFBC}") = "Cli", "src\Cli\Cli.csproj", "{C422F683-B165-4C41-A1FE-C1BC64A24DA3}"
EndProject

Global
	GlobalSection(SolutionConfigurationPlatforms) = preSolution
		Debug|Any CPU = Debug|Any CPU
		Release|Any CPU = Release|Any CPU
	EndGlobalSection
	GlobalSection(ProjectConfigurationPlatforms) = postSolution
		{660DEE80-AF17-409F-8C37-95621D45953F}.Debug|Any CPU.ActiveCfg = Debug|Any CPU
		{660DEE80-AF17-409F-8C37-95621D45953F}.Debug|Any CPU.Build.0 = Debug|Any CPU
		{660DEE80-AF17-409F-8C37-95621D45953F}.Release|Any CPU.ActiveCfg = Release|Any CPU
		{660DEE80-AF17-409F-8C37-95621D45953F}.Release|Any CPU.Build.0 = Release|Any CPU
		{C422F683-B165-4C41-A1FE-C1BC64A24DA3}.Debug|Any CPU.ActiveCfg = Debug|Any CPU
		{C422F683-B165-4C41-A1FE-C1BC64A24DA3}.Debug|Any CPU.Build.0 = Debug|Any CPU
		{C422F683-B165-4C41-A1FE-C1BC64A24DA3}.Release|Any CPU.ActiveCfg = Release|Any CPU
		{C422F683-B165-4C41-A1FE-C1BC64A24DA3}.Release|Any CPU.Build.0 = Release|Any CPU
		{C7DEE7B2-57A3-4610-A7D3-58872A312580}.Debug|Any CPU.ActiveCfg = Debug|Any CPU
		{C7DEE7B2-57A3-4610-A7D3-58872A312580}.Debug|Any CPU.Build.0 = Debug|Any CPU
		{C7DEE7B2-57A3-4610-A7D3-58872A312580}.Release|Any CPU.ActiveCfg = Release|Any CPU
		{C7DEE7B2-57A3-4610-A7D3-58872A312580}.Release|Any CPU.Build.0 = Release|Any CPU
		{F50CA001-34BC-4D09-A502-16595E9FE998}.Debug|Any CPU.ActiveCfg = Debug|Any CPU
		{F50CA001-34BC-4D09-A502-16595E9FE998}.Debug|Any CPU.Build.0 = Debug|Any CPU
		{F50CA001-34BC-4D09-A502-16595E9FE998}.Release|Any CPU.ActiveCfg = Release|Any CPU
		{F50CA001-34BC-4D09-A502-16595E9FE998}.Release|Any CPU.Build.0 = Release|Any CPU
		{5B0477B7-EDF0-4D64-AFEF-BC3A1B8164CC}.Debug|Any CPU.ActiveCfg = Debug|Any CPU
		{5B0477B7-EDF0-4D64-AFEF-BC3A1B8164CC}.Debug|Any CPU.Build.0 = Debug|Any CPU
		{5B0477B7-EDF0-4D64-AFEF-BC3A1B8164CC}.Release|Any CPU.ActiveCfg = Release|Any CPU
		{5B0477B7-EDF0-4D64-AFEF-BC3A1B8164CC}.Release|Any CPU.Build.0 = Release|Any CPU
	EndGlobalSection
EndGlobal
