Microsoft Visual Studio Solution File, Format Version 12.00
Project("{FAE04EC0-301F-11D3-BF4B-00C04F79EFBC}") = "Luft", "src\Luft\Luft.csproj", "{660DEE80-AF17-409F-8C37-95621D45953F}"
EndProject
Project("{FAE04EC0-301F-11D3-BF4B-00C04F79EFBC}") = "Luft-Cli", "src\Luft-Cli\Luft-Cli.csproj", "{C422F683-B165-4C41-A1FE-C1BC64A24DA3}"
EndProject
Global
	GlobalSection(SolutionConfigurationPlatforms) = preSolution
		Debug|Any CPU = Debug|Any CPU
		Release|Any CPU = Release|Any CPU
	EndGlobalSection
	GlobalSection(ProjectConfigurationPlatforms) = postSolution
		{660DEE80-AF17-409F-8C37-95621D45953F}.Debug|Any CPU.ActiveCfg = Debug|Any CPU
		{660DEE80-AF17-409F-8C37-95621D45953F}.Debug|Any CPU.Build.0 = Debug|Any CPU
		{660DEE80-AF17-409F-8C37-95621D45953F}.Release|Any CPU.ActiveCfg = Release|Any CPU
		{660DEE80-AF17-409F-8C37-95621D45953F}.Release|Any CPU.Build.0 = Release|Any CPU
		{C422F683-B165-4C41-A1FE-C1BC64A24DA3}.Debug|Any CPU.ActiveCfg = Debug|Any CPU
		{C422F683-B165-4C41-A1FE-C1BC64A24DA3}.Debug|Any CPU.Build.0 = Debug|Any CPU
		{C422F683-B165-4C41-A1FE-C1BC64A24DA3}.Release|Any CPU.ActiveCfg = Release|Any CPU
		{C422F683-B165-4C41-A1FE-C1BC64A24DA3}.Release|Any CPU.Build.0 = Release|Any CPU
	EndGlobalSection
EndGlobal
